
Microsoft Visual Studio Solution File, Format Version 12.00
# Visual Studio 14
VisualStudioVersion = 14.0.25123.0
MinimumVisualStudioVersion = 10.0.40219.1
Project("{FAE04EC0-301F-11D3-BF4B-00C04F79EFBC}") = "GameTicTac", "GameTicTac\GameTicTac.csproj", "{D3E616C6-9BA3-481B-A15D-55289C668D14}"
EndProject
Global
	GlobalSection(SolutionConfigurationPlatforms) = preSolution
		Debug|Any CPU = Debug|Any CPU
		Release|Any CPU = Release|Any CPU
	EndGlobalSection
	GlobalSection(ProjectConfigurationPlatforms) = postSolution
		{D3E616C6-9BA3-481B-A15D-55289C668D14}.Debug|Any CPU.ActiveCfg = Debug|Any CPU
		{D3E616C6-9BA3-481B-A15D-55289C668D14}.Debug|Any CPU.Build.0 = Debug|Any CPU
		{D3E616C6-9BA3-481B-A15D-55289C668D14}.Release|Any CPU.ActiveCfg = Release|Any CPU
		{D3E616C6-9BA3-481B-A15D-55289C668D14}.Release|Any CPU.Build.0 = Release|Any CPU
	EndGlobalSection
	GlobalSection(SolutionProperties) = preSolution
		HideSolutionNode = FALSE
	EndGlobalSection
EndGlobal
